
Microsoft Visual Studio Solution File, Format Version 12.00
Project("{FAE04EC0-301F-11D3-BF4B-00C04F79EFBC}") = "UrbanDoodle", "UrbanDoodle\UrbanDoodle.csproj", "{37AABB83-F28A-489C-9563-75FCDA856E45}"
EndProject
Project("{FAE04EC0-301F-11D3-BF4B-00C04F79EFBC}") = "UrbanDoodle.Tests", "UrbanDoodle.Tests\UrbanDoodle.Tests.csproj", "{10330C5E-F662-4EB4-B575-A16F131A3508}"
EndProject
Global
	GlobalSection(SolutionConfigurationPlatforms) = preSolution
		Debug|Any CPU = Debug|Any CPU
		Release|Any CPU = Release|Any CPU
	EndGlobalSection
	GlobalSection(ProjectConfigurationPlatforms) = postSolution
		{37AABB83-F28A-489C-9563-75FCDA856E45}.Debug|Any CPU.ActiveCfg = Debug|Any CPU
		{37AABB83-F28A-489C-9563-75FCDA856E45}.Debug|Any CPU.Build.0 = Debug|Any CPU
		{37AABB83-F28A-489C-9563-75FCDA856E45}.Release|Any CPU.ActiveCfg = Release|Any CPU
		{37AABB83-F28A-489C-9563-75FCDA856E45}.Release|Any CPU.Build.0 = Release|Any CPU
		{10330C5E-F662-4EB4-B575-A16F131A3508}.Debug|Any CPU.ActiveCfg = Debug|Any CPU
		{10330C5E-F662-4EB4-B575-A16F131A3508}.Debug|Any CPU.Build.0 = Debug|Any CPU
		{10330C5E-F662-4EB4-B575-A16F131A3508}.Release|Any CPU.ActiveCfg = Release|Any CPU
		{10330C5E-F662-4EB4-B575-A16F131A3508}.Release|Any CPU.Build.0 = Release|Any CPU
	EndGlobalSection
EndGlobal
